// !$*UTF8*$!
{
	archiveVersion = 1;
	classes = {
	};
	objectVersion = 46;
	objects = {

/* Begin PBXBuildFile section */
		E4DF13CF1C7776EE002DFEEE /* Main.storyboard in Resources */ = {isa = PBXBuildFile; fileRef = E4DF13CD1C7776EE002DFEEE /* Main.storyboard */; };
		E4DF13D11C7776EF002DFEEE /* Assets.xcassets in Resources */ = {isa = PBXBuildFile; fileRef = E4DF13D01C7776EF002DFEEE /* Assets.xcassets */; };
		E4DF13D41C7776EF002DFEEE /* LaunchScreen.storyboard in Resources */ = {isa = PBXBuildFile; fileRef = E4DF13D21C7776EF002DFEEE /* LaunchScreen.storyboard */; };
		E4DF13DF1C7777BC002DFEEE /* FlickrFetcher.m in Sources */ = {isa = PBXBuildFile; fileRef = E4DF13DE1C7777BC002DFEEE /* FlickrFetcher.m */; };
		E4DF13E41C777811002DFEEE /* ImageViewController.swift in Sources */ = {isa = PBXBuildFile; fileRef = E4DF13E11C777811002DFEEE /* ImageViewController.swift */; };
		E4DF13E51C777811002DFEEE /* FlickrPhotosTVC.swift in Sources */ = {isa = PBXBuildFile; fileRef = E4DF13E21C777811002DFEEE /* FlickrPhotosTVC.swift */; };
		E4DF13E61C777811002DFEEE /* JustPostedFlickrPhotosTVC.swift in Sources */ = {isa = PBXBuildFile; fileRef = E4DF13E31C777811002DFEEE /* JustPostedFlickrPhotosTVC.swift */; };
		E4DF13E91C777840002DFEEE /* AppDelegate.swift in Sources */ = {isa = PBXBuildFile; fileRef = E4DF13E81C777840002DFEEE /* AppDelegate.swift */; };
		E4E79CA21C861D7D00011686 /* DataModel.swift in Sources */ = {isa = PBXBuildFile; fileRef = E4E79CA11C861D7D00011686 /* DataModel.swift */; };
		E4ED9ADE1C78A8BB0035D796 /* FlickrPhotographersTVC.swift in Sources */ = {isa = PBXBuildFile; fileRef = E4ED9ADD1C78A8BB0035D796 /* FlickrPhotographersTVC.swift */; };
/* End PBXBuildFile section */

/* Begin PBXFileReference section */
		E4DF13C61C7776EE002DFEEE /* AdaptiveSplitViewController2Swift.app */ = {isa = PBXFileReference; explicitFileType = wrapper.application; includeInIndex = 0; path = AdaptiveSplitViewController2Swift.app; sourceTree = BUILT_PRODUCTS_DIR; };
		E4DF13CE1C7776EE002DFEEE /* Base */ = {isa = PBXFileReference; lastKnownFileType = file.storyboard; name = Base; path = Base.lproj/Main.storyboard; sourceTree = "<group>"; };
		E4DF13D01C7776EF002DFEEE /* Assets.xcassets */ = {isa = PBXFileReference; lastKnownFileType = folder.assetcatalog; path = Assets.xcassets; sourceTree = "<group>"; };
		E4DF13D31C7776EF002DFEEE /* Base */ = {isa = PBXFileReference; lastKnownFileType = file.storyboard; name = Base; path = Base.lproj/LaunchScreen.storyboard; sourceTree = "<group>"; };
		E4DF13D51C7776EF002DFEEE /* Info.plist */ = {isa = PBXFileReference; lastKnownFileType = text.plist.xml; path = Info.plist; sourceTree = "<group>"; };
		E4DF13DB1C77778F002DFEEE /* FlickrAPIKey.h */ = {isa = PBXFileReference; fileEncoding = 4; lastKnownFileType = sourcecode.c.h; name = FlickrAPIKey.h; path = "Flickr Fetcher/FlickrAPIKey.h"; sourceTree = "<group>"; };
		E4DF13DC1C7777A4002DFEEE /* FlickrFetcher.h */ = {isa = PBXFileReference; fileEncoding = 4; lastKnownFileType = sourcecode.c.h; name = FlickrFetcher.h; path = "Flickr Fetcher/FlickrFetcher.h"; sourceTree = "<group>"; };
		E4DF13DD1C7777BB002DFEEE /* AdaptiveSplitViewController2Swift-Bridging-Header.h */ = {isa = PBXFileReference; lastKnownFileType = sourcecode.c.h; path = "AdaptiveSplitViewController2Swift-Bridging-Header.h"; sourceTree = "<group>"; };
		E4DF13DE1C7777BC002DFEEE /* FlickrFetcher.m */ = {isa = PBXFileReference; fileEncoding = 4; lastKnownFileType = sourcecode.c.objc; name = FlickrFetcher.m; path = "Flickr Fetcher/FlickrFetcher.m"; sourceTree = "<group>"; };
		E4DF13E11C777811002DFEEE /* ImageViewController.swift */ = {isa = PBXFileReference; fileEncoding = 4; lastKnownFileType = sourcecode.swift; path = ImageViewController.swift; sourceTree = "<group>"; };
		E4DF13E21C777811002DFEEE /* FlickrPhotosTVC.swift */ = {isa = PBXFileReference; fileEncoding = 4; lastKnownFileType = sourcecode.swift; path = FlickrPhotosTVC.swift; sourceTree = "<group>"; };
		E4DF13E31C777811002DFEEE /* JustPostedFlickrPhotosTVC.swift */ = {isa = PBXFileReference; fileEncoding = 4; lastKnownFileType = sourcecode.swift; path = JustPostedFlickrPhotosTVC.swift; sourceTree = "<group>"; };
		E4DF13E81C777840002DFEEE /* AppDelegate.swift */ = {isa = PBXFileReference; fileEncoding = 4; lastKnownFileType = sourcecode.swift; path = AppDelegate.swift; sourceTree = "<group>"; };
		E4E79CA11C861D7D00011686 /* DataModel.swift */ = {isa = PBXFileReference; fileEncoding = 4; lastKnownFileType = sourcecode.swift; path = DataModel.swift; sourceTree = "<group>"; };
		E4ED9ADD1C78A8BB0035D796 /* FlickrPhotographersTVC.swift */ = {isa = PBXFileReference; fileEncoding = 4; lastKnownFileType = sourcecode.swift; path = FlickrPhotographersTVC.swift; sourceTree = "<group>"; };
/* End PBXFileReference section */

/* Begin PBXFrameworksBuildPhase section */
		E4DF13C31C7776EE002DFEEE /* Frameworks */ = {
			isa = PBXFrameworksBuildPhase;
			buildActionMask = 2147483647;
			files = (
			);
			runOnlyForDeploymentPostprocessing = 0;
		};
/* End PBXFrameworksBuildPhase section */

/* Begin PBXGroup section */
		E4DF13BD1C7776EE002DFEEE = {
			isa = PBXGroup;
			children = (
				E4DF13C81C7776EE002DFEEE /* AdaptiveSplitViewController2Swift */,
				E4DF13C71C7776EE002DFEEE /* Products */,
				E4DF13DD1C7777BB002DFEEE /* AdaptiveSplitViewController2Swift-Bridging-Header.h */,
			);
			sourceTree = "<group>";
		};
		E4DF13C71C7776EE002DFEEE /* Products */ = {
			isa = PBXGroup;
			children = (
				E4DF13C61C7776EE002DFEEE /* AdaptiveSplitViewController2Swift.app */,
			);
			name = Products;
			sourceTree = "<group>";
		};
		E4DF13C81C7776EE002DFEEE /* AdaptiveSplitViewController2Swift */ = {
			isa = PBXGroup;
			children = (
				E4DF13E01C7777D8002DFEEE /* Flickr Fetcher */,
				E4DF13E81C777840002DFEEE /* AppDelegate.swift */,
				E4DF13CD1C7776EE002DFEEE /* Main.storyboard */,
				E4E79CA11C861D7D00011686 /* DataModel.swift */,
				E4DF13E71C77781C002DFEEE /* Controllers */,
				E4DF13D01C7776EF002DFEEE /* Assets.xcassets */,
				E4DF13D21C7776EF002DFEEE /* LaunchScreen.storyboard */,
				E4DF13D51C7776EF002DFEEE /* Info.plist */,
			);
			path = AdaptiveSplitViewController2Swift;
			sourceTree = "<group>";
		};
		E4DF13E01C7777D8002DFEEE /* Flickr Fetcher */ = {
			isa = PBXGroup;
			children = (
				E4DF13DC1C7777A4002DFEEE /* FlickrFetcher.h */,
				E4DF13DE1C7777BC002DFEEE /* FlickrFetcher.m */,
				E4DF13DB1C77778F002DFEEE /* FlickrAPIKey.h */,
			);
			name = "Flickr Fetcher";
			sourceTree = "<group>";
		};
		E4DF13E71C77781C002DFEEE /* Controllers */ = {
			isa = PBXGroup;
			children = (
				E4DF13E11C777811002DFEEE /* ImageViewController.swift */,
				E4DF13E21C777811002DFEEE /* FlickrPhotosTVC.swift */,
				E4ED9ADD1C78A8BB0035D796 /* FlickrPhotographersTVC.swift */,
				E4DF13E31C777811002DFEEE /* JustPostedFlickrPhotosTVC.swift */,
			);
			name = Controllers;
			sourceTree = "<group>";
		};
/* End PBXGroup section */

/* Begin PBXNativeTarget section */
		E4DF13C51C7776EE002DFEEE /* AdaptiveSplitViewController2Swift */ = {
			isa = PBXNativeTarget;
			buildConfigurationList = E4DF13D81C7776EF002DFEEE /* Build configuration list for PBXNativeTarget "AdaptiveSplitViewController2Swift" */;
			buildPhases = (
				E4DF13C21C7776EE002DFEEE /* Sources */,
				E4DF13C31C7776EE002DFEEE /* Frameworks */,
				E4DF13C41C7776EE002DFEEE /* Resources */,
			);
			buildRules = (
			);
			dependencies = (
			);
			name = AdaptiveSplitViewController2Swift;
			productName = AdaptiveSplitViewController2Swift;
			productReference = E4DF13C61C7776EE002DFEEE /* AdaptiveSplitViewController2Swift.app */;
			productType = "com.apple.product-type.application";
		};
/* End PBXNativeTarget section */

/* Begin PBXProject section */
		E4DF13BE1C7776EE002DFEEE /* Project object */ = {
			isa = PBXProject;
			attributes = {
				LastSwiftUpdateCheck = 0720;
				LastUpgradeCheck = 0720;
				ORGANIZATIONNAME = "Tatiana Kornilova";
				TargetAttributes = {
					E4DF13C51C7776EE002DFEEE = {
						CreatedOnToolsVersion = 7.2.1;
					};
				};
			};
			buildConfigurationList = E4DF13C11C7776EE002DFEEE /* Build configuration list for PBXProject "AdaptiveSplitViewController2Swift" */;
			compatibilityVersion = "Xcode 3.2";
			developmentRegion = English;
			hasScannedForEncodings = 0;
			knownRegions = (
				en,
				Base,
			);
			mainGroup = E4DF13BD1C7776EE002DFEEE;
			productRefGroup = E4DF13C71C7776EE002DFEEE /* Products */;
			projectDirPath = "";
			projectRoot = "";
			targets = (
				E4DF13C51C7776EE002DFEEE /* AdaptiveSplitViewController2Swift */,
			);
		};
/* End PBXProject section */

/* Begin PBXResourcesBuildPhase section */
		E4DF13C41C7776EE002DFEEE /* Resources */ = {
			isa = PBXResourcesBuildPhase;
			buildActionMask = 2147483647;
			files = (
				E4DF13D41C7776EF002DFEEE /* LaunchScreen.storyboard in Resources */,
				E4DF13D11C7776EF002DFEEE /* Assets.xcassets in Resources */,
				E4DF13CF1C7776EE002DFEEE /* Main.storyboard in Resources */,
			);
			runOnlyForDeploymentPostprocessing = 0;
		};
/* End PBXResourcesBuildPhase section */

/* Begin PBXSourcesBuildPhase section */
		E4DF13C21C7776EE002DFEEE /* Sources */ = {
			isa = PBXSourcesBuildPhase;
			buildActionMask = 2147483647;
			files = (
				E4E79CA21C861D7D00011686 /* DataModel.swift in Sources */,
				E4DF13E61C777811002DFEEE /* JustPostedFlickrPhotosTVC.swift in Sources */,
				E4ED9ADE1C78A8BB0035D796 /* FlickrPhotographersTVC.swift in Sources */,
				E4DF13DF1C7777BC002DFEEE /* FlickrFetcher.m in Sources */,
				E4DF13E51C777811002DFEEE /* FlickrPhotosTVC.swift in Sources */,
				E4DF13E91C777840002DFEEE /* AppDelegate.swift in Sources */,
				E4DF13E41C777811002DFEEE /* ImageViewController.swift in Sources */,
			);
			runOnlyForDeploymentPostprocessing = 0;
		};
/* End PBXSourcesBuildPhase section */

/* Begin PBXVariantGroup section */
		E4DF13CD1C7776EE002DFEEE /* Main.storyboard */ = {
			isa = PBXVariantGroup;
			children = (
				E4DF13CE1C7776EE002DFEEE /* Base */,
			);
			name = Main.storyboard;
			sourceTree = "<group>";
		};
		E4DF13D21C7776EF002DFEEE /* LaunchScreen.storyboard */ = {
			isa = PBXVariantGroup;
			children = (
				E4DF13D31C7776EF002DFEEE /* Base */,
			);
			name = LaunchScreen.storyboard;
			sourceTree = "<group>";
		};
/* End PBXVariantGroup section */

/* Begin XCBuildConfiguration section */
		E4DF13D61C7776EF002DFEEE /* Debug */ = {
			isa = XCBuildConfiguration;
			buildSettings = {
				ALWAYS_SEARCH_USER_PATHS = NO;
				CLANG_CXX_LANGUAGE_STANDARD = "gnu++0x";
				CLANG_CXX_LIBRARY = "libc++";
				CLANG_ENABLE_MODULES = YES;
				CLANG_ENABLE_OBJC_ARC = YES;
				CLANG_WARN_BOOL_CONVERSION = YES;
				CLANG_WARN_CONSTANT_CONVERSION = YES;
				CLANG_WARN_DIRECT_OBJC_ISA_USAGE = YES_ERROR;
				CLANG_WARN_EMPTY_BODY = YES;
				CLANG_WARN_ENUM_CONVERSION = YES;
				CLANG_WARN_INT_CONVERSION = YES;
				CLANG_WARN_OBJC_ROOT_CLASS = YES_ERROR;
				CLANG_WARN_UNREACHABLE_CODE = YES;
				CLANG_WARN__DUPLICATE_METHOD_MATCH = YES;
				"CODE_SIGN_IDENTITY[sdk=iphoneos*]" = "iPhone Developer";
				COPY_PHASE_STRIP = NO;
				DEBUG_INFORMATION_FORMAT = dwarf;
				ENABLE_STRICT_OBJC_MSGSEND = YES;
				ENABLE_TESTABILITY = YES;
				GCC_C_LANGUAGE_STANDARD = gnu99;
				GCC_DYNAMIC_NO_PIC = NO;
				GCC_NO_COMMON_BLOCKS = YES;
				GCC_OPTIMIZATION_LEVEL = 0;
				GCC_PREPROCESSOR_DEFINITIONS = (
					"DEBUG=1",
					"$(inherited)",
				);
				GCC_WARN_64_TO_32_BIT_CONVERSION = YES;
				GCC_WARN_ABOUT_RETURN_TYPE = YES_ERROR;
				GCC_WARN_UNDECLARED_SELECTOR = YES;
				GCC_WARN_UNINITIALIZED_AUTOS = YES_AGGRESSIVE;
				GCC_WARN_UNUSED_FUNCTION = YES;
				GCC_WARN_UNUSED_VARIABLE = YES;
				IPHONEOS_DEPLOYMENT_TARGET = 9.2;
				MTL_ENABLE_DEBUG_INFO = YES;
				ONLY_ACTIVE_ARCH = YES;
				SDKROOT = iphoneos;
				SWIFT_OPTIMIZATION_LEVEL = "-Onone";
				TARGETED_DEVICE_FAMILY = "1,2";
			};
			name = Debug;
		};
		E4DF13D71C7776EF002DFEEE /* Release */ = {
			isa = XCBuildConfiguration;
			buildSettings = {
				ALWAYS_SEARCH_USER_PATHS = NO;
				CLANG_CXX_LANGUAGE_STANDARD = "gnu++0x";
				CLANG_CXX_LIBRARY = "libc++";
				CLANG_ENABLE_MODULES = YES;
				CLANG_ENABLE_OBJC_ARC = YES;
				CLANG_WARN_BOOL_CONVERSION = YES;
				CLANG_WARN_CONSTANT_CONVERSION = YES;
				CLANG_WARN_DIRECT_OBJC_ISA_USAGE = YES_ERROR;
				CLANG_WARN_EMPTY_BODY = YES;
				CLANG_WARN_ENUM_CONVERSION = YES;
				CLANG_WARN_INT_CONVERSION = YES;
				CLANG_WARN_OBJC_ROOT_CLASS = YES_ERROR;
				CLANG_WARN_UNREACHABLE_CODE = YES;
				CLANG_WARN__DUPLICATE_METHOD_MATCH = YES;
				"CODE_SIGN_IDENTITY[sdk=iphoneos*]" = "iPhone Developer";
				COPY_PHASE_STRIP = NO;
				DEBUG_INFORMATION_FORMAT = "dwarf-with-dsym";
				ENABLE_NS_ASSERTIONS = NO;
				ENABLE_STRICT_OBJC_MSGSEND = YES;
				GCC_C_LANGUAGE_STANDARD = gnu99;
				GCC_NO_COMMON_BLOCKS = YES;
				GCC_WARN_64_TO_32_BIT_CONVERSION = YES;
				GCC_WARN_ABOUT_RETURN_TYPE = YES_ERROR;
				GCC_WARN_UNDECLARED_SELECTOR = YES;
				GCC_WARN_UNINITIALIZED_AUTOS = YES_AGGRESSIVE;
				GCC_WARN_UNUSED_FUNCTION = YES;
				GCC_WARN_UNUSED_VARIABLE = YES;
				IPHONEOS_DEPLOYMENT_TARGET = 9.2;
				MTL_ENABLE_DEBUG_INFO = NO;
				SDKROOT = iphoneos;
				TARGETED_DEVICE_FAMILY = "1,2";
				VALIDATE_PRODUCT = YES;
			};
			name = Release;
		};
		E4DF13D91C7776EF002DFEEE /* Debug */ = {
			isa = XCBuildConfiguration;
			buildSettings = {
				ASSETCATALOG_COMPILER_APPICON_NAME = AppIcon;
				CLANG_ENABLE_MODULES = YES;
				INFOPLIST_FILE = AdaptiveSplitViewController2Swift/Info.plist;
				LD_RUNPATH_SEARCH_PATHS = "$(inherited) @executable_path/Frameworks";
				PRODUCT_BUNDLE_IDENTIFIER = com.bestkora.CoreData.AdaptiveSplitViewController2Swift;
				PRODUCT_NAME = "$(TARGET_NAME)";
				SWIFT_OBJC_BRIDGING_HEADER = "AdaptiveSplitViewController2Swift-Bridging-Header.h";
				SWIFT_OPTIMIZATION_LEVEL = "-Onone";
			};
			name = Debug;
		};
		E4DF13DA1C7776EF002DFEEE /* Release */ = {
			isa = XCBuildConfiguration;
			buildSettings = {
				ASSETCATALOG_COMPILER_APPICON_NAME = AppIcon;
				CLANG_ENABLE_MODULES = YES;
				INFOPLIST_FILE = AdaptiveSplitViewController2Swift/Info.plist;
				LD_RUNPATH_SEARCH_PATHS = "$(inherited) @executable_path/Frameworks";
				PRODUCT_BUNDLE_IDENTIFIER = com.bestkora.CoreData.AdaptiveSplitViewController2Swift;
				PRODUCT_NAME = "$(TARGET_NAME)";
				SWIFT_OBJC_BRIDGING_HEADER = "AdaptiveSplitViewController2Swift-Bridging-Header.h";
			};
			name = Release;
		};
/* End XCBuildConfiguration section */

/* Begin XCConfigurationList section */
		E4DF13C11C7776EE002DFEEE /* Build configuration list for PBXProject "AdaptiveSplitViewController2Swift" */ = {
			isa = XCConfigurationList;
			buildConfigurations = (
				E4DF13D61C7776EF002DFEEE /* Debug */,
				E4DF13D71C7776EF002DFEEE /* Release */,
			);
			defaultConfigurationIsVisible = 0;
			defaultConfigurationName = Release;
		};
		E4DF13D81C7776EF002DFEEE /* Build configuration list for PBXNativeTarget "AdaptiveSplitViewController2Swift" */ = {
			isa = XCConfigurationList;
			buildConfigurations = (
				E4DF13D91C7776EF002DFEEE /* Debug */,
				E4DF13DA1C7776EF002DFEEE /* Release */,
			);
			defaultConfigurationIsVisible = 0;
			defaultConfigurationName = Release;
		};
/* End XCConfigurationList section */
	};
	rootObject = E4DF13BE1C7776EE002DFEEE /* Project object */;
}
